
Microsoft Visual Studio Solution File, Format Version 12.00
# Visual Studio Version 16
VisualStudioVersion = 16.0.29905.134
MinimumVisualStudioVersion = 10.0.40219.1
Project("{FAE04EC0-301F-11D3-BF4B-00C04F79EFBC}") = "DotNetCoreAngularTemplate", "DotNetCoreAngularTemplate.Web\DotNetCoreAngularTemplate.Web.csproj", "{80E54C33-65F3-4F45-B9F3-17696821CBF2}"
EndProject
Global
	GlobalSection(SolutionConfigurationPlatforms) = preSolution
		Debug|Any CPU = Debug|Any CPU
		Release|Any CPU = Release|Any CPU
	EndGlobalSection
	GlobalSection(ProjectConfigurationPlatforms) = postSolution
		{80E54C33-65F3-4F45-B9F3-17696821CBF2}.Debug|Any CPU.ActiveCfg = Debug|Any CPU
		{80E54C33-65F3-4F45-B9F3-17696821CBF2}.Debug|Any CPU.Build.0 = Debug|Any CPU
		{80E54C33-65F3-4F45-B9F3-17696821CBF2}.Release|Any CPU.ActiveCfg = Release|Any CPU
		{80E54C33-65F3-4F45-B9F3-17696821CBF2}.Release|Any CPU.Build.0 = Release|Any CPU
	EndGlobalSection
	GlobalSection(SolutionProperties) = preSolution
		HideSolutionNode = FALSE
	EndGlobalSection
	GlobalSection(ExtensibilityGlobals) = postSolution
		SolutionGuid = {8E95667C-4D80-4890-8188-36CC042971A0}
	EndGlobalSection
EndGlobal
